
Microsoft Visual Studio Solution File, Format Version 12.00
# Visual Studio Version 17
VisualStudioVersion = 17.6.33620.401
MinimumVisualStudioVersion = 10.0.40219.1
Project("{9A19103F-16F7-4668-BE54-9A1E7A4F7556}") = "RM.WebApi", "RM.WebApi\RM.WebApi.csproj", "{C2363227-D576-4B8A-8C5C-76D1207E4559}"
EndProject
Project("{9A19103F-16F7-4668-BE54-9A1E7A4F7556}") = "RM.BLL.Abstractions", "RM.BLL.Abstractions\RM.BLL.Abstractions.csproj", "{466F8C51-EF7D-43C5-BA01-B40020F2C696}"
EndProject
Project("{9A19103F-16F7-4668-BE54-9A1E7A4F7556}") = "RM.BLL", "RM.BLL\RM.BLL.csproj", "{8B980E6E-EB7F-4C48-BFBB-46D9C42CFF10}"
EndProject
Project("{9A19103F-16F7-4668-BE54-9A1E7A4F7556}") = "RM.DAL.Abstractions", "RM.DAL.Abstractions\RM.DAL.Abstractions.csproj", "{9332C2F1-D90F-465A-8C86-BF3D32705258}"
EndProject
Project("{9A19103F-16F7-4668-BE54-9A1E7A4F7556}") = "RM.DAL", "RM.DAL\RM.DAL.csproj", "{659C3A0C-AFCA-4BBE-8293-46F3B32912AE}"
EndProject
Project("{9A19103F-16F7-4668-BE54-9A1E7A4F7556}") = "RM.DAL.MsSql", "RM.DAL.MsSql\RM.DAL.MsSql.csproj", "{69C4018A-A172-4D4D-8D3A-8BE5621B0218}"
EndProject
Project("{9A19103F-16F7-4668-BE54-9A1E7A4F7556}") = "RM.DAL.Tests", "RM.DAL.Tests\RM.DAL.Tests.csproj", "{F127A3CB-F582-40F3-8002-E17F5AA494E9}"
EndProject
Project("{9A19103F-16F7-4668-BE54-9A1E7A4F7556}") = "RM.Common", "RM.Common\RM.Common.csproj", "{71684B1B-ED96-4235-B9A5-2196AD56D2A7}"
EndProject
Project("{9A19103F-16F7-4668-BE54-9A1E7A4F7556}") = "RM.BLL.Tests", "RM.BLL.Tests\RM.BLL.Tests.csproj", "{731EFA28-963B-4A2A-849C-435091C9D247}"
EndProject
Project("{FAE04EC0-301F-11D3-BF4B-00C04F79EFBC}") = "RM.DAL.PostgreSql", "RM.DAL.PostgreSql\RM.DAL.PostgreSql.csproj", "{6A30406A-2565-4383-AED8-8207B0865A04}"
EndProject
Global
	GlobalSection(SolutionConfigurationPlatforms) = preSolution
		Debug|Any CPU = Debug|Any CPU
		Release|Any CPU = Release|Any CPU
	EndGlobalSection
	GlobalSection(ProjectConfigurationPlatforms) = postSolution
		{C2363227-D576-4B8A-8C5C-76D1207E4559}.Debug|Any CPU.ActiveCfg = Debug|Any CPU
		{C2363227-D576-4B8A-8C5C-76D1207E4559}.Debug|Any CPU.Build.0 = Debug|Any CPU
		{C2363227-D576-4B8A-8C5C-76D1207E4559}.Release|Any CPU.ActiveCfg = Release|Any CPU
		{C2363227-D576-4B8A-8C5C-76D1207E4559}.Release|Any CPU.Build.0 = Release|Any CPU
		{466F8C51-EF7D-43C5-BA01-B40020F2C696}.Debug|Any CPU.ActiveCfg = Debug|Any CPU
		{466F8C51-EF7D-43C5-BA01-B40020F2C696}.Debug|Any CPU.Build.0 = Debug|Any CPU
		{466F8C51-EF7D-43C5-BA01-B40020F2C696}.Release|Any CPU.ActiveCfg = Release|Any CPU
		{466F8C51-EF7D-43C5-BA01-B40020F2C696}.Release|Any CPU.Build.0 = Release|Any CPU
		{8B980E6E-EB7F-4C48-BFBB-46D9C42CFF10}.Debug|Any CPU.ActiveCfg = Debug|Any CPU
		{8B980E6E-EB7F-4C48-BFBB-46D9C42CFF10}.Debug|Any CPU.Build.0 = Debug|Any CPU
		{8B980E6E-EB7F-4C48-BFBB-46D9C42CFF10}.Release|Any CPU.ActiveCfg = Release|Any CPU
		{8B980E6E-EB7F-4C48-BFBB-46D9C42CFF10}.Release|Any CPU.Build.0 = Release|Any CPU
		{9332C2F1-D90F-465A-8C86-BF3D32705258}.Debug|Any CPU.ActiveCfg = Debug|Any CPU
		{9332C2F1-D90F-465A-8C86-BF3D32705258}.Debug|Any CPU.Build.0 = Debug|Any CPU
		{9332C2F1-D90F-465A-8C86-BF3D32705258}.Release|Any CPU.ActiveCfg = Release|Any CPU
		{9332C2F1-D90F-465A-8C86-BF3D32705258}.Release|Any CPU.Build.0 = Release|Any CPU
		{659C3A0C-AFCA-4BBE-8293-46F3B32912AE}.Debug|Any CPU.ActiveCfg = Debug|Any CPU
		{659C3A0C-AFCA-4BBE-8293-46F3B32912AE}.Debug|Any CPU.Build.0 = Debug|Any CPU
		{659C3A0C-AFCA-4BBE-8293-46F3B32912AE}.Release|Any CPU.ActiveCfg = Release|Any CPU
		{659C3A0C-AFCA-4BBE-8293-46F3B32912AE}.Release|Any CPU.Build.0 = Release|Any CPU
		{69C4018A-A172-4D4D-8D3A-8BE5621B0218}.Debug|Any CPU.ActiveCfg = Debug|Any CPU
		{69C4018A-A172-4D4D-8D3A-8BE5621B0218}.Debug|Any CPU.Build.0 = Debug|Any CPU
		{69C4018A-A172-4D4D-8D3A-8BE5621B0218}.Release|Any CPU.ActiveCfg = Release|Any CPU
		{69C4018A-A172-4D4D-8D3A-8BE5621B0218}.Release|Any CPU.Build.0 = Release|Any CPU
		{F127A3CB-F582-40F3-8002-E17F5AA494E9}.Debug|Any CPU.ActiveCfg = Debug|Any CPU
		{F127A3CB-F582-40F3-8002-E17F5AA494E9}.Debug|Any CPU.Build.0 = Debug|Any CPU
		{F127A3CB-F582-40F3-8002-E17F5AA494E9}.Release|Any CPU.ActiveCfg = Release|Any CPU
		{F127A3CB-F582-40F3-8002-E17F5AA494E9}.Release|Any CPU.Build.0 = Release|Any CPU
		{71684B1B-ED96-4235-B9A5-2196AD56D2A7}.Debug|Any CPU.ActiveCfg = Debug|Any CPU
		{71684B1B-ED96-4235-B9A5-2196AD56D2A7}.Debug|Any CPU.Build.0 = Debug|Any CPU
		{71684B1B-ED96-4235-B9A5-2196AD56D2A7}.Release|Any CPU.ActiveCfg = Release|Any CPU
		{71684B1B-ED96-4235-B9A5-2196AD56D2A7}.Release|Any CPU.Build.0 = Release|Any CPU
		{731EFA28-963B-4A2A-849C-435091C9D247}.Debug|Any CPU.ActiveCfg = Debug|Any CPU
		{731EFA28-963B-4A2A-849C-435091C9D247}.Debug|Any CPU.Build.0 = Debug|Any CPU
		{731EFA28-963B-4A2A-849C-435091C9D247}.Release|Any CPU.ActiveCfg = Release|Any CPU
		{731EFA28-963B-4A2A-849C-435091C9D247}.Release|Any CPU.Build.0 = Release|Any CPU
		{6A30406A-2565-4383-AED8-8207B0865A04}.Debug|Any CPU.ActiveCfg = Debug|Any CPU
		{6A30406A-2565-4383-AED8-8207B0865A04}.Debug|Any CPU.Build.0 = Debug|Any CPU
		{6A30406A-2565-4383-AED8-8207B0865A04}.Release|Any CPU.ActiveCfg = Release|Any CPU
		{6A30406A-2565-4383-AED8-8207B0865A04}.Release|Any CPU.Build.0 = Release|Any CPU
	EndGlobalSection
	GlobalSection(SolutionProperties) = preSolution
		HideSolutionNode = FALSE
	EndGlobalSection
	GlobalSection(ExtensibilityGlobals) = postSolution
		SolutionGuid = {3351F8EE-9CCD-406B-8302-B8C304946677}
	EndGlobalSection
EndGlobal
